schema: '2.0'
stages:
  make_dataset:
    cmd: .\.venv\Scripts\python.exe DVC_project/src/data/make_dataset.py
    deps:
    - path: DVC_project/src/data/make_dataset.py
      hash: md5
      md5: 0a23aff14fbfa788a8b0bdeccedde5e6
      size: 3824
    params:
      params.yaml:
        make_dataset.test_size: 0.2
    outs:
    - path: DVC_project/data/raw
      hash: md5
      md5: fb326d2eec197669f9638afde28356bf.dir
      size: 827973
      nfiles: 2
  make_preprocessing:
    cmd: .\.venv\Scripts\python.exe DVC_project/src/data/make_preprocessing.py
    deps:
    - path: DVC_project/data/raw
      hash: md5
      md5: fb326d2eec197669f9638afde28356bf.dir
      size: 827973
      nfiles: 2
    - path: DVC_project/src/data/make_preprocessing.py
      hash: md5
      md5: 52d35ba547ed3c898635979a626aa01a
      size: 2605
    outs:
    - path: DVC_project/data/processed
      hash: md5
      md5: 985f7ec6f120c9a2bf5f6c7d8b547d7d.dir
      size: 566063
      nfiles: 2
  build_features:
    cmd: .\.venv\Scripts\python.exe DVC_project/src/features/build_features.py
    deps:
    - path: DVC_project/data/processed
      hash: md5
      md5: 985f7ec6f120c9a2bf5f6c7d8b547d7d.dir
      size: 566063
      nfiles: 2
    - path: DVC_project/src/features/build_features.py
      hash: md5
      md5: 4d15e224512f4ac25f4e63aaa8fc898a
      size: 2356
    params:
      params.yaml:
        build_features.max_features: 40
    outs:
    - path: DVC_project/data/interim
      hash: md5
      md5: e8b207a3247d32219929aa9cb5a6d026.dir
      size: 1923762
      nfiles: 2
  train_model:
    cmd: .\.venv\Scripts\python.exe DVC_project/src/models/train_model.py
    deps:
    - path: DVC_project/data/interim
      hash: md5
      md5: e8b207a3247d32219929aa9cb5a6d026.dir
      size: 1923762
      nfiles: 2
    - path: DVC_project/src/models/train_model.py
      hash: md5
      md5: 44affa29771a379e0e5b64987c0b4182
      size: 782
    params:
      params.yaml:
        train_model.learning_rate: 0.3
        train_model.n_estimator: 100
    outs:
    - path: DVC_project/models/model.pkl
      hash: md5
      md5: 5e846fb439317608a39612c34b4c9d5c
      size: 136318
  predict_model:
    cmd: .\.venv\Scripts\python.exe DVC_project/src/models/predict_model.py
    deps:
    - path: DVC_project/models/model.pkl
      hash: md5
      md5: 5e846fb439317608a39612c34b4c9d5c
      size: 136318
    - path: DVC_project/src/models/predict_model.py
      hash: md5
      md5: a24bb516d5a6c464df2894d800dcf485
      size: 1285
    outs:
    - path: DVC_project/reports/metrics.json
      hash: md5
      md5: f3a60972a26f14e518f92733ad6b0b40
      size: 145
