schema: '2.0'
stages:
  make_dataset:
    cmd: .\.venv\Scripts\python.exe DVC_project/src/data/make_dataset.py
    deps:
    - path: DVC_project/src/data/make_dataset.py
      hash: md5
      md5: 0a23aff14fbfa788a8b0bdeccedde5e6
      size: 3824
    params:
      params.yaml:
        make_dataset.test_size: 0.2
    outs:
    - path: DVC_project/data/raw
      hash: md5
      md5: fb326d2eec197669f9638afde28356bf.dir
      size: 827973
      nfiles: 2
  make_preprocessing:
    cmd: .\.venv\Scripts\python.exe DVC_project/src/data/make_preprocessing.py
    deps:
    - path: DVC_project/data/raw
      hash: md5
      md5: fb326d2eec197669f9638afde28356bf.dir
      size: 827973
      nfiles: 2
    - path: DVC_project/src/data/make_preprocessing.py
      hash: md5
      md5: 52d35ba547ed3c898635979a626aa01a
      size: 2605
    outs:
    - path: DVC_project/data/processed
      hash: md5
      md5: 985f7ec6f120c9a2bf5f6c7d8b547d7d.dir
      size: 566063
      nfiles: 2
  build_features:
    cmd: .\.venv\Scripts\python.exe DVC_project/src/features/build_features.py
    deps:
    - path: DVC_project/data/processed
      hash: md5
      md5: 985f7ec6f120c9a2bf5f6c7d8b547d7d.dir
      size: 566063
      nfiles: 2
    - path: DVC_project/src/features/build_features.py
      hash: md5
      md5: 74c639472f066c48f527c5c1970b09c3
      size: 2367
    params:
      params.yaml:
        build_features.max_features: 40
    outs:
    - path: DVC_project/data/interim
      hash: md5
      md5: 381253c3dc60db77af8f60142a0b1334.dir
      size: 910928
      nfiles: 2
  train_model:
    cmd: .\.venv\Scripts\python.exe DVC_project/src/models/train_model.py
    deps:
    - path: DVC_project/data/interim
      hash: md5
      md5: 381253c3dc60db77af8f60142a0b1334.dir
      size: 910928
      nfiles: 2
    - path: DVC_project/src/models/train_model.py
      hash: md5
      md5: a59ef9e47f7b8bb7c43885f885746e39
      size: 780
    params:
      params.yaml:
        train_model.learning_rate: 0.3
        train_model.n_estimator: 100
    outs:
    - path: DVC_project/models/model.pkl
      hash: md5
      md5: c9f123f9c5d096863541c8e18037d85a
      size: 132286
  predict_model:
    cmd: .\.venv\Scripts\python.exe DVC_project/src/models/predict_model.py
    deps:
    - path: DVC_project/models/model.pkl
      hash: md5
      md5: c9f123f9c5d096863541c8e18037d85a
      size: 132286
    - path: DVC_project/src/models/predict_model.py
      hash: md5
      md5: 9162b677a366a44db1037a1b1f8b25f8
      size: 1283
    outs:
    - path: DVC_project/reports/metrics.json
      hash: md5
      md5: c4e2f3c1caa4a3eca390484c23ff79f0
      size: 145
